
Microsoft Visual Studio Solution File, Format Version 12.00
# Visual Studio Version 17
VisualStudioVersion = 17.10.35004.147
MinimumVisualStudioVersion = 10.0.40219.1
Project("{FAE04EC0-301F-11D3-BF4B-00C04F79EFBC}") = "Active Users", "Active Users\Active Users.csproj", "{6B0FDA6A-145B-4D75-8F40-9CAB97ADAF52}"
EndProject
Project("{FAE04EC0-301F-11D3-BF4B-00C04F79EFBC}") = "Search_Product", "Search_Product\Search_Product.csproj", "{D4CA5146-7480-4F9B-9750-B56BCB486658}"
EndProject
Project("{FAE04EC0-301F-11D3-BF4B-00C04F79EFBC}") = "HighValueOrders", "HighValueOrders\HighValueOrders.csproj", "{BC154F69-22D2-4BFA-810F-43CC83B93705}"
EndProject
Global
	GlobalSection(SolutionConfigurationPlatforms) = preSolution
		Debug|Any CPU = Debug|Any CPU
		Release|Any CPU = Release|Any CPU
	EndGlobalSection
	GlobalSection(ProjectConfigurationPlatforms) = postSolution
		{6B0FDA6A-145B-4D75-8F40-9CAB97ADAF52}.Debug|Any CPU.ActiveCfg = Debug|Any CPU
		{6B0FDA6A-145B-4D75-8F40-9CAB97ADAF52}.Debug|Any CPU.Build.0 = Debug|Any CPU
		{6B0FDA6A-145B-4D75-8F40-9CAB97ADAF52}.Release|Any CPU.ActiveCfg = Release|Any CPU
		{6B0FDA6A-145B-4D75-8F40-9CAB97ADAF52}.Release|Any CPU.Build.0 = Release|Any CPU
		{D4CA5146-7480-4F9B-9750-B56BCB486658}.Debug|Any CPU.ActiveCfg = Debug|Any CPU
		{D4CA5146-7480-4F9B-9750-B56BCB486658}.Debug|Any CPU.Build.0 = Debug|Any CPU
		{D4CA5146-7480-4F9B-9750-B56BCB486658}.Release|Any CPU.ActiveCfg = Release|Any CPU
		{D4CA5146-7480-4F9B-9750-B56BCB486658}.Release|Any CPU.Build.0 = Release|Any CPU
		{BC154F69-22D2-4BFA-810F-43CC83B93705}.Debug|Any CPU.ActiveCfg = Debug|Any CPU
		{BC154F69-22D2-4BFA-810F-43CC83B93705}.Debug|Any CPU.Build.0 = Debug|Any CPU
		{BC154F69-22D2-4BFA-810F-43CC83B93705}.Release|Any CPU.ActiveCfg = Release|Any CPU
		{BC154F69-22D2-4BFA-810F-43CC83B93705}.Release|Any CPU.Build.0 = Release|Any CPU
	EndGlobalSection
	GlobalSection(SolutionProperties) = preSolution
		HideSolutionNode = FALSE
	EndGlobalSection
	GlobalSection(ExtensibilityGlobals) = postSolution
		SolutionGuid = {F7E4B666-FE54-49F5-8C61-32D98A3FEC36}
	EndGlobalSection
EndGlobal
